<?xml version="1.0" encoding="utf-8"?>
<Project ToolsVersion="4.0" xmlns="http://schemas.microsoft.com/developer/msbuild/2003">
  <ItemGroup>
    <Filter Include="common">
      <UniqueIdentifier>{b9dfc067-dec3-4582-bf97-4bf043f90cc5}</UniqueIdentifier>
    </Filter>
    <Filter Include="math">
      <UniqueIdentifier>{c3e872d7-051d-458c-9ef8-af915eb75701}</UniqueIdentifier>
    </Filter>
    <Filter Include="scene">
      <UniqueIdentifier>{f0fcdb34-e62f-446c-8eb5-2132489dd874}</UniqueIdentifier>
    </Filter>
    <Filter Include="dynamics">
      <UniqueIdentifier>{d6a808ba-ddb8-4478-9688-c969b960c071}</UniqueIdentifier>
    </Filter>
    <Filter Include="broadphase">
      <UniqueIdentifier>{d210afdc-0b52-4e10-84b9-c371c77a4bc2}</UniqueIdentifier>
    </Filter>
    <Filter Include="debug">
      <UniqueIdentifier>{b90be20f-5d69-4a19-ae65-7e019123cabd}</UniqueIdentifier>
    </Filter>
    <Filter Include="collision">
      <UniqueIdentifier>{2b6fff28-e3b9-4624-bc18-99ba772ecbb1}</UniqueIdentifier>
    </Filter>
  </ItemGroup>
  <ItemGroup>
    <ClCompile Include="..\src\common\q3Geometry.cpp">
      <Filter>common</Filter>
    </ClCompile>
    <ClCompile Include="..\src\common\q3Memory.cpp">
      <Filter>common</Filter>
    </ClCompile>
    <ClCompile Include="..\src\math\q3Vec3.cpp">
      <Filter>math</Filter>
    </ClCompile>
    <ClCompile Include="..\src\dynamics\q3Body.cpp">
      <Filter>dynamics</Filter>
    </ClCompile>
    <ClCompile Include="..\src\dynamics\q3Contact.cpp">
      <Filter>dynamics</Filter>
    </ClCompile>
    <ClCompile Include="..\src\dynamics\q3ContactManager.cpp">
      <Filter>dynamics</Filter>
    </ClCompile>
    <ClCompile Include="..\src\dynamics\q3ContactSolver.cpp">
      <Filter>dynamics</Filter>
    </ClCompile>
    <ClCompile Include="..\src\scene\q3Scene.cpp">
      <Filter>scene</Filter>
    </ClCompile>
    <ClCompile Include="..\src\math\q3Quaternion.cpp">
      <Filter>math</Filter>
    </ClCompile>
    <ClCompile Include="..\src\math\q3Mat3.cpp">
      <Filter>math</Filter>
    </ClCompile>
    <ClCompile Include="..\src\broadphase\q3DynamicAABBTree.cpp">
      <Filter>broadphase</Filter>
    </ClCompile>
    <ClCompile Include="..\src\broadphase\q3BroadPhase.cpp">
      <Filter>broadphase</Filter>
    </ClCompile>
    <ClCompile Include="..\src\dynamics\q3Island.cpp">
      <Filter>dynamics</Filter>
    </ClCompile>
    <ClCompile Include="..\src\collision\q3Collide.cpp">
      <Filter>collision</Filter>
    </ClCompile>
    <ClCompile Include="..\src\collision\q3Box.cpp">
      <Filter>collision</Filter>
    </ClCompile>
  </ItemGroup>
  <ItemGroup>
    <ClInclude Include="..\src\common\q3Geometry.h">
      <Filter>common</Filter>
    </ClInclude>
    <ClInclude Include="..\src\common\q3Memory.h">
      <Filter>common</Filter>
    </ClInclude>
    <ClInclude Include="..\src\common\q3Settings.h">
      <Filter>common</Filter>
    </ClInclude>
    <ClInclude Include="..\src\common\q3Types.h">
      <Filter>common</Filter>
    </ClInclude>
    <ClInclude Include="..\src\q3.h" />
    <ClInclude Include="..\src\math\q3Vec3.h">
      <Filter>math</Filter>
    </ClInclude>
    <ClInclude Include="..\src\math\q3Transform.h">
      <Filter>math</Filter>
    </ClInclude>
    <ClInclude Include="..\src\dynamics\q3Body.h">
      <Filter>dynamics</Filter>
    </ClInclude>
    <ClInclude Include="..\src\dynamics\q3Contact.h">
      <Filter>dynamics</Filter>
    </ClInclude>
    <ClInclude Include="..\src\dynamics\q3ContactManager.h">
      <Filter>dynamics</Filter>
    </ClInclude>
    <ClInclude Include="..\src\dynamics\q3ContactSolver.h">
      <Filter>dynamics</Filter>
    </ClInclude>
    <ClInclude Include="..\src\scene\q3Scene.h">
      <Filter>scene</Filter>
    </ClInclude>
    <ClInclude Include="..\src\math\q3Quaternion.h">
      <Filter>math</Filter>
    </ClInclude>
    <ClInclude Include="..\src\math\q3Mat3.h">
      <Filter>math</Filter>
    </ClInclude>
    <ClInclude Include="..\src\math\q3Math.h">
      <Filter>math</Filter>
    </ClInclude>
    <ClInclude Include="..\src\broadphase\q3DynamicAABBTree.h">
      <Filter>broadphase</Filter>
    </ClInclude>
    <ClInclude Include="..\src\broadphase\q3BroadPhase.h">
      <Filter>broadphase</Filter>
    </ClInclude>
    <ClInclude Include="..\src\dynamics\q3Island.h">
      <Filter>dynamics</Filter>
    </ClInclude>
    <ClInclude Include="..\src\debug\q3Render.h">
      <Filter>debug</Filter>
    </ClInclude>
    <ClInclude Include="..\src\collision\q3Collide.h">
      <Filter>collision</Filter>
    </ClInclude>
    <ClInclude Include="..\src\collision\q3Box.h">
      <Filter>collision</Filter>
    </ClInclude>
  </ItemGroup>
  <ItemGroup>
    <None Include="..\src\common\q3Geometry.inl">
      <Filter>common</Filter>
    </None>
    <None Include="..\src\math\q3Vec3.inl">
      <Filter>math</Filter>
    </None>
    <None Include="..\src\math\q3Transform.inl">
      <Filter>math</Filter>
    </None>
    <None Include="..\src\math\q3Mat3.inl">
      <Filter>math</Filter>
    </None>
    <None Include="..\src\math\q3Math.inl">
      <Filter>math</Filter>
    </None>
    <None Include="..\src\broadphase\q3DynamicAABBTree.inl">
      <Filter>broadphase</Filter>
    </None>
    <None Include="..\src\collision\q3Box.inl">
      <Filter>collision</Filter>
    </None>
  </ItemGroup>
</Project>